
Microsoft Visual Studio Solution File, Format Version 12.00
# Visual Studio Version 17
VisualStudioVersion = 17.4.33205.214
MinimumVisualStudioVersion = 10.0.40219.1
Project("{2150E333-8FDC-42A3-9474-1A3956D46DE8}") = "Src", "Src", "{785BEDC4-DA54-4A37-8B87-88224947C3B8}"
EndProject
Project("{2150E333-8FDC-42A3-9474-1A3956D46DE8}") = "Test", "Test", "{38ED7652-1A5A-4A37-9F7A-F597D912472B}"
EndProject
Project("{9A19103F-16F7-4668-BE54-9A1E7A4F7556}") = "CheckoutService2", "CheckoutService2.csproj", "{5A83F8C2-38F9-4357-8DEB-38EC0BB96A87}"
EndProject
Project("{FAE04EC0-301F-11D3-BF4B-00C04F79EFBC}") = "CheckoutService2.Tests", "..\CheckoutService2.Tests\CheckoutService2.Tests.csproj", "{B00EE919-F65B-4642-8B78-618904DA1528}"
EndProject
Global
	GlobalSection(SolutionConfigurationPlatforms) = preSolution
		Debug|Any CPU = Debug|Any CPU
		Release|Any CPU = Release|Any CPU
	EndGlobalSection
	GlobalSection(ProjectConfigurationPlatforms) = postSolution
		{5A83F8C2-38F9-4357-8DEB-38EC0BB96A87}.Debug|Any CPU.ActiveCfg = Debug|Any CPU
		{5A83F8C2-38F9-4357-8DEB-38EC0BB96A87}.Debug|Any CPU.Build.0 = Debug|Any CPU
		{5A83F8C2-38F9-4357-8DEB-38EC0BB96A87}.Release|Any CPU.ActiveCfg = Release|Any CPU
		{5A83F8C2-38F9-4357-8DEB-38EC0BB96A87}.Release|Any CPU.Build.0 = Release|Any CPU
		{B00EE919-F65B-4642-8B78-618904DA1528}.Debug|Any CPU.ActiveCfg = Debug|Any CPU
		{B00EE919-F65B-4642-8B78-618904DA1528}.Debug|Any CPU.Build.0 = Debug|Any CPU
		{B00EE919-F65B-4642-8B78-618904DA1528}.Release|Any CPU.ActiveCfg = Release|Any CPU
		{B00EE919-F65B-4642-8B78-618904DA1528}.Release|Any CPU.Build.0 = Release|Any CPU
	EndGlobalSection
	GlobalSection(SolutionProperties) = preSolution
		HideSolutionNode = FALSE
	EndGlobalSection
	GlobalSection(NestedProjects) = preSolution
		{5A83F8C2-38F9-4357-8DEB-38EC0BB96A87} = {785BEDC4-DA54-4A37-8B87-88224947C3B8}
		{B00EE919-F65B-4642-8B78-618904DA1528} = {38ED7652-1A5A-4A37-9F7A-F597D912472B}
	EndGlobalSection
	GlobalSection(ExtensibilityGlobals) = postSolution
		SolutionGuid = {33868C58-AB01-4ED9-AD13-234675A9C7D9}
	EndGlobalSection
EndGlobal
